// !$*UTF8*$!
{
	archiveVersion = 1;
	classes = {
	};
	objectVersion = 50;
	objects = {

/* Begin PBXBuildFile section */
		6E02B3E920EEE047001AB5D8 /* AppDelegate.swift in Sources */ = {isa = PBXBuildFile; fileRef = 6E02B3E820EEE047001AB5D8 /* AppDelegate.swift */; };
		6E02B3EB20EEE047001AB5D8 /* ViewController.swift in Sources */ = {isa = PBXBuildFile; fileRef = 6E02B3EA20EEE047001AB5D8 /* ViewController.swift */; };
		6E02B3EE20EEE047001AB5D8 /* Main.storyboard in Resources */ = {isa = PBXBuildFile; fileRef = 6E02B3EC20EEE047001AB5D8 /* Main.storyboard */; };
		6E02B3F020EEE049001AB5D8 /* Assets.xcassets in Resources */ = {isa = PBXBuildFile; fileRef = 6E02B3EF20EEE049001AB5D8 /* Assets.xcassets */; };
		6E02B3F320EEE049001AB5D8 /* LaunchScreen.storyboard in Resources */ = {isa = PBXBuildFile; fileRef = 6E02B3F120EEE049001AB5D8 /* LaunchScreen.storyboard */; };
		6E02B3FB20EEE2E2001AB5D8 /* UIButtonExt.swift in Sources */ = {isa = PBXBuildFile; fileRef = 6E02B3FA20EEE2E2001AB5D8 /* UIButtonExt.swift */; };
		6E1F5A2020EFC0520037AFAC /* Helpers.swift in Sources */ = {isa = PBXBuildFile; fileRef = 6E1F5A1F20EFC0520037AFAC /* Helpers.swift */; };
/* End PBXBuildFile section */

/* Begin PBXFileReference section */
		6E02B3E520EEE047001AB5D8 /* extensions-dance-party.app */ = {isa = PBXFileReference; explicitFileType = wrapper.application; includeInIndex = 0; path = "extensions-dance-party.app"; sourceTree = BUILT_PRODUCTS_DIR; };
		6E02B3E820EEE047001AB5D8 /* AppDelegate.swift */ = {isa = PBXFileReference; lastKnownFileType = sourcecode.swift; path = AppDelegate.swift; sourceTree = "<group>"; };
		6E02B3EA20EEE047001AB5D8 /* ViewController.swift */ = {isa = PBXFileReference; lastKnownFileType = sourcecode.swift; path = ViewController.swift; sourceTree = "<group>"; };
		6E02B3ED20EEE047001AB5D8 /* Base */ = {isa = PBXFileReference; lastKnownFileType = file.storyboard; name = Base; path = Base.lproj/Main.storyboard; sourceTree = "<group>"; };
		6E02B3EF20EEE049001AB5D8 /* Assets.xcassets */ = {isa = PBXFileReference; lastKnownFileType = folder.assetcatalog; path = Assets.xcassets; sourceTree = "<group>"; };
		6E02B3F220EEE049001AB5D8 /* Base */ = {isa = PBXFileReference; lastKnownFileType = file.storyboard; name = Base; path = Base.lproj/LaunchScreen.storyboard; sourceTree = "<group>"; };
		6E02B3F420EEE049001AB5D8 /* Info.plist */ = {isa = PBXFileReference; lastKnownFileType = text.plist.xml; path = Info.plist; sourceTree = "<group>"; };
		6E02B3FA20EEE2E2001AB5D8 /* UIButtonExt.swift */ = {isa = PBXFileReference; lastKnownFileType = sourcecode.swift; path = UIButtonExt.swift; sourceTree = "<group>"; };
		6E1F5A1F20EFC0520037AFAC /* Helpers.swift */ = {isa = PBXFileReference; lastKnownFileType = sourcecode.swift; path = Helpers.swift; sourceTree = "<group>"; };
/* End PBXFileReference section */

/* Begin PBXFrameworksBuildPhase section */
		6E02B3E220EEE047001AB5D8 /* Frameworks */ = {
			isa = PBXFrameworksBuildPhase;
			buildActionMask = 2147483647;
			files = (
			);
			runOnlyForDeploymentPostprocessing = 0;
		};
/* End PBXFrameworksBuildPhase section */

/* Begin PBXGroup section */
		6E02B3DC20EEE047001AB5D8 = {
			isa = PBXGroup;
			children = (
				6E02B3E720EEE047001AB5D8 /* extensions-dance-party */,
				6E02B3E620EEE047001AB5D8 /* Products */,
			);
			sourceTree = "<group>";
		};
		6E02B3E620EEE047001AB5D8 /* Products */ = {
			isa = PBXGroup;
			children = (
				6E02B3E520EEE047001AB5D8 /* extensions-dance-party.app */,
			);
			name = Products;
			sourceTree = "<group>";
		};
		6E02B3E720EEE047001AB5D8 /* extensions-dance-party */ = {
			isa = PBXGroup;
			children = (
				6E02B3E820EEE047001AB5D8 /* AppDelegate.swift */,
				6E02B3EA20EEE047001AB5D8 /* ViewController.swift */,
				6E02B3EC20EEE047001AB5D8 /* Main.storyboard */,
				6E02B3EF20EEE049001AB5D8 /* Assets.xcassets */,
				6E02B3F120EEE049001AB5D8 /* LaunchScreen.storyboard */,
				6E02B3F420EEE049001AB5D8 /* Info.plist */,
				6E02B3FA20EEE2E2001AB5D8 /* UIButtonExt.swift */,
				6E1F5A1F20EFC0520037AFAC /* Helpers.swift */,
			);
			path = "extensions-dance-party";
			sourceTree = "<group>";
		};
/* End PBXGroup section */

/* Begin PBXNativeTarget section */
		6E02B3E420EEE047001AB5D8 /* extensions-dance-party */ = {
			isa = PBXNativeTarget;
			buildConfigurationList = 6E02B3F720EEE049001AB5D8 /* Build configuration list for PBXNativeTarget "extensions-dance-party" */;
			buildPhases = (
				6E02B3E120EEE047001AB5D8 /* Sources */,
				6E02B3E220EEE047001AB5D8 /* Frameworks */,
				6E02B3E320EEE047001AB5D8 /* Resources */,
			);
			buildRules = (
			);
			dependencies = (
			);
			name = "extensions-dance-party";
			productName = "extensions-dance-party";
			productReference = 6E02B3E520EEE047001AB5D8 /* extensions-dance-party.app */;
			productType = "com.apple.product-type.application";
		};
/* End PBXNativeTarget section */

/* Begin PBXProject section */
		6E02B3DD20EEE047001AB5D8 /* Project object */ = {
			isa = PBXProject;
			attributes = {
				LastSwiftUpdateCheck = 0940;
				LastUpgradeCheck = 0940;
				ORGANIZATIONNAME = "Ofor Chinedu";
				TargetAttributes = {
					6E02B3E420EEE047001AB5D8 = {
						CreatedOnToolsVersion = 9.4.1;
					};
				};
			};
			buildConfigurationList = 6E02B3E020EEE047001AB5D8 /* Build configuration list for PBXProject "extensions-dance-party" */;
			compatibilityVersion = "Xcode 9.3";
			developmentRegion = en;
			hasScannedForEncodings = 0;
			knownRegions = (
				en,
				Base,
			);
			mainGroup = 6E02B3DC20EEE047001AB5D8;
			productRefGroup = 6E02B3E620EEE047001AB5D8 /* Products */;
			projectDirPath = "";
			projectRoot = "";
			targets = (
				6E02B3E420EEE047001AB5D8 /* extensions-dance-party */,
			);
		};
/* End PBXProject section */

/* Begin PBXResourcesBuildPhase section */
		6E02B3E320EEE047001AB5D8 /* Resources */ = {
			isa = PBXResourcesBuildPhase;
			buildActionMask = 2147483647;
			files = (
				6E02B3F320EEE049001AB5D8 /* LaunchScreen.storyboard in Resources */,
				6E02B3F020EEE049001AB5D8 /* Assets.xcassets in Resources */,
				6E02B3EE20EEE047001AB5D8 /* Main.storyboard in Resources */,
			);
			runOnlyForDeploymentPostprocessing = 0;
		};
/* End PBXResourcesBuildPhase section */

/* Begin PBXSourcesBuildPhase section */
		6E02B3E120EEE047001AB5D8 /* Sources */ = {
			isa = PBXSourcesBuildPhase;
			buildActionMask = 2147483647;
			files = (
				6E02B3EB20EEE047001AB5D8 /* ViewController.swift in Sources */,
				6E02B3FB20EEE2E2001AB5D8 /* UIButtonExt.swift in Sources */,
				6E02B3E920EEE047001AB5D8 /* AppDelegate.swift in Sources */,
				6E1F5A2020EFC0520037AFAC /* Helpers.swift in Sources */,
			);
			runOnlyForDeploymentPostprocessing = 0;
		};
/* End PBXSourcesBuildPhase section */

/* Begin PBXVariantGroup section */
		6E02B3EC20EEE047001AB5D8 /* Main.storyboard */ = {
			isa = PBXVariantGroup;
			children = (
				6E02B3ED20EEE047001AB5D8 /* Base */,
			);
			name = Main.storyboard;
			sourceTree = "<group>";
		};
		6E02B3F120EEE049001AB5D8 /* LaunchScreen.storyboard */ = {
			isa = PBXVariantGroup;
			children = (
				6E02B3F220EEE049001AB5D8 /* Base */,
			);
			name = LaunchScreen.storyboard;
			sourceTree = "<group>";
		};
/* End PBXVariantGroup section */

/* Begin XCBuildConfiguration section */
		6E02B3F520EEE049001AB5D8 /* Debug */ = {
			isa = XCBuildConfiguration;
			buildSettings = {
				ALWAYS_SEARCH_USER_PATHS = NO;
				CLANG_ANALYZER_NONNULL = YES;
				CLANG_ANALYZER_NUMBER_OBJECT_CONVERSION = YES_AGGRESSIVE;
				CLANG_CXX_LANGUAGE_STANDARD = "gnu++14";
				CLANG_CXX_LIBRARY = "libc++";
				CLANG_ENABLE_MODULES = YES;
				CLANG_ENABLE_OBJC_ARC = YES;
				CLANG_ENABLE_OBJC_WEAK = YES;
				CLANG_WARN_BLOCK_CAPTURE_AUTORELEASING = YES;
				CLANG_WARN_BOOL_CONVERSION = YES;
				CLANG_WARN_COMMA = YES;
				CLANG_WARN_CONSTANT_CONVERSION = YES;
				CLANG_WARN_DEPRECATED_OBJC_IMPLEMENTATIONS = YES;
				CLANG_WARN_DIRECT_OBJC_ISA_USAGE = YES_ERROR;
				CLANG_WARN_DOCUMENTATION_COMMENTS = YES;
				CLANG_WARN_EMPTY_BODY = YES;
				CLANG_WARN_ENUM_CONVERSION = YES;
				CLANG_WARN_INFINITE_RECURSION = YES;
				CLANG_WARN_INT_CONVERSION = YES;
				CLANG_WARN_NON_LITERAL_NULL_CONVERSION = YES;
				CLANG_WARN_OBJC_IMPLICIT_RETAIN_SELF = YES;
				CLANG_WARN_OBJC_LITERAL_CONVERSION = YES;
				CLANG_WARN_OBJC_ROOT_CLASS = YES_ERROR;
				CLANG_WARN_RANGE_LOOP_ANALYSIS = YES;
				CLANG_WARN_STRICT_PROTOTYPES = YES;
				CLANG_WARN_SUSPICIOUS_MOVE = YES;
				CLANG_WARN_UNGUARDED_AVAILABILITY = YES_AGGRESSIVE;
				CLANG_WARN_UNREACHABLE_CODE = YES;
				CLANG_WARN__DUPLICATE_METHOD_MATCH = YES;
				CODE_SIGN_IDENTITY = "iPhone Developer";
				COPY_PHASE_STRIP = NO;
				DEBUG_INFORMATION_FORMAT = dwarf;
				ENABLE_STRICT_OBJC_MSGSEND = YES;
				ENABLE_TESTABILITY = YES;
				GCC_C_LANGUAGE_STANDARD = gnu11;
				GCC_DYNAMIC_NO_PIC = NO;
				GCC_NO_COMMON_BLOCKS = YES;
				GCC_OPTIMIZATION_LEVEL = 0;
				GCC_PREPROCESSOR_DEFINITIONS = (
					"DEBUG=1",
					"$(inherited)",
				);
				GCC_WARN_64_TO_32_BIT_CONVERSION = YES;
				GCC_WARN_ABOUT_RETURN_TYPE = YES_ERROR;
				GCC_WARN_UNDECLARED_SELECTOR = YES;
				GCC_WARN_UNINITIALIZED_AUTOS = YES_AGGRESSIVE;
				GCC_WARN_UNUSED_FUNCTION = YES;
				GCC_WARN_UNUSED_VARIABLE = YES;
				IPHONEOS_DEPLOYMENT_TARGET = 11.4;
				MTL_ENABLE_DEBUG_INFO = YES;
				ONLY_ACTIVE_ARCH = YES;
				SDKROOT = iphoneos;
				SWIFT_ACTIVE_COMPILATION_CONDITIONS = DEBUG;
				SWIFT_OPTIMIZATION_LEVEL = "-Onone";
			};
			name = Debug;
		};
		6E02B3F620EEE049001AB5D8 /* Release */ = {
			isa = XCBuildConfiguration;
			buildSettings = {
				ALWAYS_SEARCH_USER_PATHS = NO;
				CLANG_ANALYZER_NONNULL = YES;
				CLANG_ANALYZER_NUMBER_OBJECT_CONVERSION = YES_AGGRESSIVE;
				CLANG_CXX_LANGUAGE_STANDARD = "gnu++14";
				CLANG_CXX_LIBRARY = "libc++";
				CLANG_ENABLE_MODULES = YES;
				CLANG_ENABLE_OBJC_ARC = YES;
				CLANG_ENABLE_OBJC_WEAK = YES;
				CLANG_WARN_BLOCK_CAPTURE_AUTORELEASING = YES;
				CLANG_WARN_BOOL_CONVERSION = YES;
				CLANG_WARN_COMMA = YES;
				CLANG_WARN_CONSTANT_CONVERSION = YES;
				CLANG_WARN_DEPRECATED_OBJC_IMPLEMENTATIONS = YES;
				CLANG_WARN_DIRECT_OBJC_ISA_USAGE = YES_ERROR;
				CLANG_WARN_DOCUMENTATION_COMMENTS = YES;
				CLANG_WARN_EMPTY_BODY = YES;
				CLANG_WARN_ENUM_CONVERSION = YES;
				CLANG_WARN_INFINITE_RECURSION = YES;
				CLANG_WARN_INT_CONVERSION = YES;
				CLANG_WARN_NON_LITERAL_NULL_CONVERSION = YES;
				CLANG_WARN_OBJC_IMPLICIT_RETAIN_SELF = YES;
				CLANG_WARN_OBJC_LITERAL_CONVERSION = YES;
				CLANG_WARN_OBJC_ROOT_CLASS = YES_ERROR;
				CLANG_WARN_RANGE_LOOP_ANALYSIS = YES;
				CLANG_WARN_STRICT_PROTOTYPES = YES;
				CLANG_WARN_SUSPICIOUS_MOVE = YES;
				CLANG_WARN_UNGUARDED_AVAILABILITY = YES_AGGRESSIVE;
				CLANG_WARN_UNREACHABLE_CODE = YES;
				CLANG_WARN__DUPLICATE_METHOD_MATCH = YES;
				CODE_SIGN_IDENTITY = "iPhone Developer";
				COPY_PHASE_STRIP = NO;
				DEBUG_INFORMATION_FORMAT = "dwarf-with-dsym";
				ENABLE_NS_ASSERTIONS = NO;
				ENABLE_STRICT_OBJC_MSGSEND = YES;
				GCC_C_LANGUAGE_STANDARD = gnu11;
				GCC_NO_COMMON_BLOCKS = YES;
				GCC_WARN_64_TO_32_BIT_CONVERSION = YES;
				GCC_WARN_ABOUT_RETURN_TYPE = YES_ERROR;
				GCC_WARN_UNDECLARED_SELECTOR = YES;
				GCC_WARN_UNINITIALIZED_AUTOS = YES_AGGRESSIVE;
				GCC_WARN_UNUSED_FUNCTION = YES;
				GCC_WARN_UNUSED_VARIABLE = YES;
				IPHONEOS_DEPLOYMENT_TARGET = 11.4;
				MTL_ENABLE_DEBUG_INFO = NO;
				SDKROOT = iphoneos;
				SWIFT_COMPILATION_MODE = wholemodule;
				SWIFT_OPTIMIZATION_LEVEL = "-O";
				VALIDATE_PRODUCT = YES;
			};
			name = Release;
		};
		6E02B3F820EEE049001AB5D8 /* Debug */ = {
			isa = XCBuildConfiguration;
			buildSettings = {
				ASSETCATALOG_COMPILER_APPICON_NAME = AppIcon;
				CODE_SIGN_STYLE = Automatic;
				DEVELOPMENT_TEAM = WYT783GC26;
				INFOPLIST_FILE = "extensions-dance-party/Info.plist";
				LD_RUNPATH_SEARCH_PATHS = (
					"$(inherited)",
					"@executable_path/Frameworks",
				);
				PRODUCT_BUNDLE_IDENTIFIER = "symple-Ince.extensions-dance-party";
				PRODUCT_NAME = "$(TARGET_NAME)";
				SWIFT_VERSION = 4.0;
				TARGETED_DEVICE_FAMILY = "1,2";
			};
			name = Debug;
		};
		6E02B3F920EEE049001AB5D8 /* Release */ = {
			isa = XCBuildConfiguration;
			buildSettings = {
				ASSETCATALOG_COMPILER_APPICON_NAME = AppIcon;
				CODE_SIGN_STYLE = Automatic;
				DEVELOPMENT_TEAM = WYT783GC26;
				INFOPLIST_FILE = "extensions-dance-party/Info.plist";
				LD_RUNPATH_SEARCH_PATHS = (
					"$(inherited)",
					"@executable_path/Frameworks",
				);
				PRODUCT_BUNDLE_IDENTIFIER = "symple-Ince.extensions-dance-party";
				PRODUCT_NAME = "$(TARGET_NAME)";
				SWIFT_VERSION = 4.0;
				TARGETED_DEVICE_FAMILY = "1,2";
			};
			name = Release;
		};
/* End XCBuildConfiguration section */

/* Begin XCConfigurationList section */
		6E02B3E020EEE047001AB5D8 /* Build configuration list for PBXProject "extensions-dance-party" */ = {
			isa = XCConfigurationList;
			buildConfigurations = (
				6E02B3F520EEE049001AB5D8 /* Debug */,
				6E02B3F620EEE049001AB5D8 /* Release */,
			);
			defaultConfigurationIsVisible = 0;
			defaultConfigurationName = Release;
		};
		6E02B3F720EEE049001AB5D8 /* Build configuration list for PBXNativeTarget "extensions-dance-party" */ = {
			isa = XCConfigurationList;
			buildConfigurations = (
				6E02B3F820EEE049001AB5D8 /* Debug */,
				6E02B3F920EEE049001AB5D8 /* Release */,
			);
			defaultConfigurationIsVisible = 0;
			defaultConfigurationName = Release;
		};
/* End XCConfigurationList section */
	};
	rootObject = 6E02B3DD20EEE047001AB5D8 /* Project object */;
}
